
Microsoft Visual Studio Solution File, Format Version 12.00
# Visual Studio Version 17
VisualStudioVersion = 17.1.32210.238
MinimumVisualStudioVersion = 10.0.40219.1
Project("{FAE04EC0-301F-11D3-BF4B-00C04F79EFBC}") = "Direction and File classworkTask", "Direction and File classworkTask\Direction and File classworkTask.csproj", "{3B609127-7B47-459A-89B2-DAD425D3BF16}"
EndProject
Global
	GlobalSection(SolutionConfigurationPlatforms) = preSolution
		Debug|Any CPU = Debug|Any CPU
		Release|Any CPU = Release|Any CPU
	EndGlobalSection
	GlobalSection(ProjectConfigurationPlatforms) = postSolution
		{3B609127-7B47-459A-89B2-DAD425D3BF16}.Debug|Any CPU.ActiveCfg = Debug|Any CPU
		{3B609127-7B47-459A-89B2-DAD425D3BF16}.Debug|Any CPU.Build.0 = Debug|Any CPU
		{3B609127-7B47-459A-89B2-DAD425D3BF16}.Release|Any CPU.ActiveCfg = Release|Any CPU
		{3B609127-7B47-459A-89B2-DAD425D3BF16}.Release|Any CPU.Build.0 = Release|Any CPU
	EndGlobalSection
	GlobalSection(SolutionProperties) = preSolution
		HideSolutionNode = FALSE
	EndGlobalSection
	GlobalSection(ExtensibilityGlobals) = postSolution
		SolutionGuid = {5BEF7E14-1564-404F-92A2-BCAA436D1E0A}
	EndGlobalSection
EndGlobal
