
Microsoft Visual Studio Solution File, Format Version 12.00
# Visual Studio Version 17
VisualStudioVersion = 17.1.32210.238
MinimumVisualStudioVersion = 10.0.40219.1
Project("{FAE04EC0-301F-11D3-BF4B-00C04F79EFBC}") = "Practika Aptek", "Practika Aptek\Practika Aptek.csproj", "{DB9544DD-EF17-42AE-8F61-DF1FDA2AB4FF}"
EndProject
Global
	GlobalSection(SolutionConfigurationPlatforms) = preSolution
		Debug|Any CPU = Debug|Any CPU
		Release|Any CPU = Release|Any CPU
	EndGlobalSection
	GlobalSection(ProjectConfigurationPlatforms) = postSolution
		{DB9544DD-EF17-42AE-8F61-DF1FDA2AB4FF}.Debug|Any CPU.ActiveCfg = Debug|Any CPU
		{DB9544DD-EF17-42AE-8F61-DF1FDA2AB4FF}.Debug|Any CPU.Build.0 = Debug|Any CPU
		{DB9544DD-EF17-42AE-8F61-DF1FDA2AB4FF}.Release|Any CPU.ActiveCfg = Release|Any CPU
		{DB9544DD-EF17-42AE-8F61-DF1FDA2AB4FF}.Release|Any CPU.Build.0 = Release|Any CPU
	EndGlobalSection
	GlobalSection(SolutionProperties) = preSolution
		HideSolutionNode = FALSE
	EndGlobalSection
	GlobalSection(ExtensibilityGlobals) = postSolution
		SolutionGuid = {C7E6AF11-5ECA-42A4-84C4-59FFAF3989A8}
	EndGlobalSection
EndGlobal
